# THIS IS AN AUTOGENERATED FILE. DO NOT EDIT THIS FILE DIRECTLY.
# yarn lockfile v1


rescript-async-result@dkirchhof/rescript-async-result:
  version "0.0.1"
  resolved "https://codeload.github.com/dkirchhof/rescript-async-result/tar.gz/733eb8753ef60c11dccd9234b610c549e55e879d"

rescript@^10.1.0:
  version "10.1.0"
  resolved "https://registry.yarnpkg.com/rescript/-/rescript-10.1.0.tgz#dfb7b862b25d74da9a8a3f90e1c7869cffd42b6e"
  integrity sha512-85KLtBECo+hYwObbifXk5xpxUCUFMWgCR1w7hDDGhhXIXqEpHQ2ds6o++YPxzXjLuU1/qA7Iovq2zUX4opejQw==
