# THIS IS AN AUTOGENERATED FILE. DO NOT EDIT THIS FILE DIRECTLY.
# yarn lockfile v1


rescript@^10.1.0-rc.1:
  version "10.1.0-rc.1"
  resolved "https://registry.yarnpkg.com/rescript/-/rescript-10.1.0-rc.1.tgz#690f10f22084a0328868950fa810e29c4ee990a0"
  integrity sha512-xnYefPaLtSVgchYy5KOzTJti/PtACeZmj1wfmsWtvpvZ9wqF2YRsj+3Ga7+6iIhRS8A/RKKBTCui3mxSXGfESg==
